
Microsoft Visual Studio Solution File, Format Version 12.00
# Visual Studio 2012
Project("{8BC9CEB8-8B4A-11D0-8D11-00A0C91BC942}") = "Change Number", "Change Number\Change Number.vcxproj", "{66F56072-0E11-4D09-BE7A-2C018493A3DA}"
EndProject
Global
	GlobalSection(SolutionConfigurationPlatforms) = preSolution
		Debug|Win32 = Debug|Win32
		Release|Win32 = Release|Win32
	EndGlobalSection
	GlobalSection(ProjectConfigurationPlatforms) = postSolution
		{66F56072-0E11-4D09-BE7A-2C018493A3DA}.Debug|Win32.ActiveCfg = Debug|Win32
		{66F56072-0E11-4D09-BE7A-2C018493A3DA}.Debug|Win32.Build.0 = Debug|Win32
		{66F56072-0E11-4D09-BE7A-2C018493A3DA}.Release|Win32.ActiveCfg = Release|Win32
		{66F56072-0E11-4D09-BE7A-2C018493A3DA}.Release|Win32.Build.0 = Release|Win32
	EndGlobalSection
	GlobalSection(SolutionProperties) = preSolution
		HideSolutionNode = FALSE
	EndGlobalSection
EndGlobal
